{
  "name": "use-add2",
  "version": "1.0.0",
  "lockfileVersion": 3,
  "requires": true,
  "packages": {
    "": {
      "name": "use-add2",
      "version": "1.0.0",
      "license": "ISC",
      "dependencies": {
        "@me/add2": "file:../add2"
      }
    },
    "node_modules/@me/add2": {
      "version": "1.0.0",
      "resolved": "file:../add2",
      "license": "ISC"
    }
  }
}
